
Microsoft Visual Studio Solution File, Format Version 12.00
# Visual Studio 2012
Project("{FAE04EC0-301F-11D3-BF4B-00C04F79EFBC}") = "StudentManagmentSystem", "StudentManagmentSystem\StudentManagmentSystem.csproj", "{BEE94891-D5EE-4C40-8E32-B48DAC6B74EA}"
EndProject
Global
	GlobalSection(SolutionConfigurationPlatforms) = preSolution
		Debug|Any CPU = Debug|Any CPU
		Release|Any CPU = Release|Any CPU
	EndGlobalSection
	GlobalSection(ProjectConfigurationPlatforms) = postSolution
		{BEE94891-D5EE-4C40-8E32-B48DAC6B74EA}.Debug|Any CPU.ActiveCfg = Debug|Any CPU
		{BEE94891-D5EE-4C40-8E32-B48DAC6B74EA}.Debug|Any CPU.Build.0 = Debug|Any CPU
		{BEE94891-D5EE-4C40-8E32-B48DAC6B74EA}.Release|Any CPU.ActiveCfg = Release|Any CPU
		{BEE94891-D5EE-4C40-8E32-B48DAC6B74EA}.Release|Any CPU.Build.0 = Release|Any CPU
	EndGlobalSection
	GlobalSection(SolutionProperties) = preSolution
		HideSolutionNode = FALSE
	EndGlobalSection
EndGlobal
